PODS:
  - SDWebImage (3.8.2):
    - SDWebImage/Core (= 3.8.2)
  - SDWebImage/Core (3.8.2)
  - XLFoundation (0.0.1)

DEPENDENCIES:
  - SDWebImage (~> 3.8.0)
  - XLFoundation (~> 0.0.1)

SPEC REPOS:
  https://github.com/cocoapods/specs.git:
    - SDWebImage
    - XLFoundation

SPEC CHECKSUMS:
  SDWebImage: 098e97e6176540799c27e804c96653ee0833d13c
  XLFoundation: b2ab2480c3392fe2695577768b5fb9ded455c558

PODFILE CHECKSUM: 7e309af539309f139dba2cfb88cccb35698a5df1

COCOAPODS: 1.5.3
